
Microsoft Visual Studio Solution File, Format Version 12.00
Project("{FAE04EC0-301F-11D3-BF4B-00C04F79EFBC}") = "TicTacToe", "TicTacToe\TicTacToe\TicTacToe.csproj", "{F23DCA2F-D212-4316-A9E1-07671E255793}"
EndProject
Project("{FAE04EC0-301F-11D3-BF4B-00C04F79EFBC}") = "TicTacToe.Android", "TicTacToe\TicTacToe.Android\TicTacToe.Android.csproj", "{43F526D3-4028-455D-8CBB-1A633F49CDFA}"
EndProject
Project("{FAE04EC0-301F-11D3-BF4B-00C04F79EFBC}") = "TicTacToe.Desktop", "TicTacToe\TicTacToe.Desktop\TicTacToe.Desktop.csproj", "{F913640B-683B-472F-A13C-D9113058DA2D}"
EndProject
Project("{FAE04EC0-301F-11D3-BF4B-00C04F79EFBC}") = "TicTacToe.iOS", "TicTacToe\TicTacToe.iOS\TicTacToe.iOS.csproj", "{206518FF-B765-448E-A2DC-A2CF31081AF7}"
EndProject
Project("{FAE04EC0-301F-11D3-BF4B-00C04F79EFBC}") = "TicTacToe.Web", "TicTacToe\TicTacToe.Web\TicTacToe.Web.csproj", "{9B57EE43-A748-436D-89CA-C2B1DD20169F}"
EndProject
Global
	GlobalSection(SolutionConfigurationPlatforms) = preSolution
		Debug|Any CPU = Debug|Any CPU
		Release|Any CPU = Release|Any CPU
	EndGlobalSection
	GlobalSection(ProjectConfigurationPlatforms) = postSolution
		{F23DCA2F-D212-4316-A9E1-07671E255793}.Debug|Any CPU.ActiveCfg = Debug|Any CPU
		{F23DCA2F-D212-4316-A9E1-07671E255793}.Debug|Any CPU.Build.0 = Debug|Any CPU
		{F23DCA2F-D212-4316-A9E1-07671E255793}.Release|Any CPU.ActiveCfg = Release|Any CPU
		{F23DCA2F-D212-4316-A9E1-07671E255793}.Release|Any CPU.Build.0 = Release|Any CPU
		{43F526D3-4028-455D-8CBB-1A633F49CDFA}.Debug|Any CPU.ActiveCfg = Debug|Any CPU
		{43F526D3-4028-455D-8CBB-1A633F49CDFA}.Debug|Any CPU.Build.0 = Debug|Any CPU
		{43F526D3-4028-455D-8CBB-1A633F49CDFA}.Debug|Any CPU.Deploy.0 = Debug|Any CPU
		{43F526D3-4028-455D-8CBB-1A633F49CDFA}.Release|Any CPU.ActiveCfg = Release|Any CPU
		{43F526D3-4028-455D-8CBB-1A633F49CDFA}.Release|Any CPU.Build.0 = Release|Any CPU
		{43F526D3-4028-455D-8CBB-1A633F49CDFA}.Release|Any CPU.Deploy.0 = Release|Any CPU
		{F913640B-683B-472F-A13C-D9113058DA2D}.Debug|Any CPU.ActiveCfg = Debug|Any CPU
		{F913640B-683B-472F-A13C-D9113058DA2D}.Debug|Any CPU.Build.0 = Debug|Any CPU
		{F913640B-683B-472F-A13C-D9113058DA2D}.Release|Any CPU.ActiveCfg = Release|Any CPU
		{F913640B-683B-472F-A13C-D9113058DA2D}.Release|Any CPU.Build.0 = Release|Any CPU
		{206518FF-B765-448E-A2DC-A2CF31081AF7}.Debug|Any CPU.ActiveCfg = Debug|Any CPU
		{206518FF-B765-448E-A2DC-A2CF31081AF7}.Debug|Any CPU.Build.0 = Debug|Any CPU
		{206518FF-B765-448E-A2DC-A2CF31081AF7}.Debug|Any CPU.Deploy.0 = Debug|Any CPU
		{206518FF-B765-448E-A2DC-A2CF31081AF7}.Release|Any CPU.ActiveCfg = Release|Any CPU
		{206518FF-B765-448E-A2DC-A2CF31081AF7}.Release|Any CPU.Build.0 = Release|Any CPU
		{206518FF-B765-448E-A2DC-A2CF31081AF7}.Release|Any CPU.Deploy.0 = Release|Any CPU
		{9B57EE43-A748-436D-89CA-C2B1DD20169F}.Debug|Any CPU.ActiveCfg = Debug|Any CPU
		{9B57EE43-A748-436D-89CA-C2B1DD20169F}.Debug|Any CPU.Build.0 = Debug|Any CPU
		{9B57EE43-A748-436D-89CA-C2B1DD20169F}.Release|Any CPU.ActiveCfg = Release|Any CPU
		{9B57EE43-A748-436D-89CA-C2B1DD20169F}.Release|Any CPU.Build.0 = Release|Any CPU
	EndGlobalSection
EndGlobal
